
Microsoft Visual Studio Solution File, Format Version 12.00
# Visual Studio Version 17
VisualStudioVersion = 17.9.34728.123
MinimumVisualStudioVersion = 10.0.40219.1
Project("{FAE04EC0-301F-11D3-BF4B-00C04F79EFBC}") = "L3", "L3.csproj", "{9E966BF2-AFB0-4B2D-9C28-8A499F387ED6}"
EndProject
Global
	GlobalSection(SolutionConfigurationPlatforms) = preSolution
		Debug|Any CPU = Debug|Any CPU
		Release|Any CPU = Release|Any CPU
	EndGlobalSection
	GlobalSection(ProjectConfigurationPlatforms) = postSolution
		{9E966BF2-AFB0-4B2D-9C28-8A499F387ED6}.Debug|Any CPU.ActiveCfg = Debug|Any CPU
		{9E966BF2-AFB0-4B2D-9C28-8A499F387ED6}.Debug|Any CPU.Build.0 = Debug|Any CPU
		{9E966BF2-AFB0-4B2D-9C28-8A499F387ED6}.Release|Any CPU.ActiveCfg = Release|Any CPU
		{9E966BF2-AFB0-4B2D-9C28-8A499F387ED6}.Release|Any CPU.Build.0 = Release|Any CPU
	EndGlobalSection
	GlobalSection(SolutionProperties) = preSolution
		HideSolutionNode = FALSE
	EndGlobalSection
	GlobalSection(ExtensibilityGlobals) = postSolution
		SolutionGuid = {A076AAAE-BC34-41A6-9037-C702CBCC626B}
	EndGlobalSection
EndGlobal
