
Microsoft Visual Studio Solution File, Format Version 12.00
# Visual Studio Version 17
VisualStudioVersion = 17.10.35004.147
MinimumVisualStudioVersion = 10.0.40219.1
Project("{FAE04EC0-301F-11D3-BF4B-00C04F79EFBC}") = "L10", "L10.csproj", "{1A9C5037-DC0D-43E2-B1D8-7D45C80B5063}"
EndProject
Global
	GlobalSection(SolutionConfigurationPlatforms) = preSolution
		Debug|Any CPU = Debug|Any CPU
		Release|Any CPU = Release|Any CPU
	EndGlobalSection
	GlobalSection(ProjectConfigurationPlatforms) = postSolution
		{1A9C5037-DC0D-43E2-B1D8-7D45C80B5063}.Debug|Any CPU.ActiveCfg = Debug|Any CPU
		{1A9C5037-DC0D-43E2-B1D8-7D45C80B5063}.Debug|Any CPU.Build.0 = Debug|Any CPU
		{1A9C5037-DC0D-43E2-B1D8-7D45C80B5063}.Release|Any CPU.ActiveCfg = Release|Any CPU
		{1A9C5037-DC0D-43E2-B1D8-7D45C80B5063}.Release|Any CPU.Build.0 = Release|Any CPU
	EndGlobalSection
	GlobalSection(SolutionProperties) = preSolution
		HideSolutionNode = FALSE
	EndGlobalSection
	GlobalSection(ExtensibilityGlobals) = postSolution
		SolutionGuid = {32955A03-EE51-4429-A90D-2A0D148B88AE}
	EndGlobalSection
EndGlobal
